
Microsoft Visual Studio Solution File, Format Version 10.00
# Visual C++ Express 2008
Project("{8BC9CEB8-8B4A-11D0-8D11-00A0C91BC942}") = "libfcache", "libfcache\libfcache.vcproj", "{3B808C9B-707E-4AD6-80E3-A57B5FA3AFAF}"
	ProjectSection(ProjectDependencies) = postProject
		{D9C6A373-1CE2-4C36-A52D-3819EE8A64ED} = {D9C6A373-1CE2-4C36-A52D-3819EE8A64ED}
		{CA038E14-4A24-4E0A-8198-66FCE5D1D48B} = {CA038E14-4A24-4E0A-8198-66FCE5D1D48B}
		{3FB75558-9168-450F-9FE2-EDB2A08EBE64} = {3FB75558-9168-450F-9FE2-EDB2A08EBE64}
		{6CDB6011-A284-45B9-9043-D79AEC26396C} = {6CDB6011-A284-45B9-9043-D79AEC26396C}
	EndProjectSection
EndProject
Project("{8BC9CEB8-8B4A-11D0-8D11-00A0C91BC942}") = "libfguid", "libfguid\libfguid.vcproj", "{87BEF2E0-F880-46F6-ADDA-DDBCD4A80B3D}"
	ProjectSection(ProjectDependencies) = postProject
		{D9C6A373-1CE2-4C36-A52D-3819EE8A64ED} = {D9C6A373-1CE2-4C36-A52D-3819EE8A64ED}
		{CA038E14-4A24-4E0A-8198-66FCE5D1D48B} = {CA038E14-4A24-4E0A-8198-66FCE5D1D48B}
	EndProjectSection
EndProject
Project("{8BC9CEB8-8B4A-11D0-8D11-00A0C91BC942}") = "fsrefs_test_get_version", "fsrefs_test_get_version\fsrefs_test_get_version.vcproj", "{639EC8C8-0090-440F-B2F4-E098B3C2CBDC}"
	ProjectSection(ProjectDependencies) = postProject
		{44706D15-A853-489F-B136-57F352800654} = {44706D15-A853-489F-B136-57F352800654}
		{D9C6A373-1CE2-4C36-A52D-3819EE8A64ED} = {D9C6A373-1CE2-4C36-A52D-3819EE8A64ED}
	EndProjectSection
EndProject
Project("{8BC9CEB8-8B4A-11D0-8D11-00A0C91BC942}") = "libclocale", "libclocale\libclocale.vcproj", "{221E4F2C-BB02-4C32-9C3E-95E80CC60574}"
	ProjectSection(ProjectDependencies) = postProject
		{D9C6A373-1CE2-4C36-A52D-3819EE8A64ED} = {D9C6A373-1CE2-4C36-A52D-3819EE8A64ED}
		{CA038E14-4A24-4E0A-8198-66FCE5D1D48B} = {CA038E14-4A24-4E0A-8198-66FCE5D1D48B}
	EndProjectSection
EndProject
Project("{8BC9CEB8-8B4A-11D0-8D11-00A0C91BC942}") = "libbfio", "libbfio\libbfio.vcproj", "{6B3ECD42-FEA0-4920-B1F5-FBB83439A17D}"
	ProjectSection(ProjectDependencies) = postProject
		{D9C6A373-1CE2-4C36-A52D-3819EE8A64ED} = {D9C6A373-1CE2-4C36-A52D-3819EE8A64ED}
		{CA038E14-4A24-4E0A-8198-66FCE5D1D48B} = {CA038E14-4A24-4E0A-8198-66FCE5D1D48B}
		{3FB75558-9168-450F-9FE2-EDB2A08EBE64} = {3FB75558-9168-450F-9FE2-EDB2A08EBE64}
		{6CDB6011-A284-45B9-9043-D79AEC26396C} = {6CDB6011-A284-45B9-9043-D79AEC26396C}
		{221E4F2C-BB02-4C32-9C3E-95E80CC60574} = {221E4F2C-BB02-4C32-9C3E-95E80CC60574}
		{B983F764-6F5A-482E-9E8B-23D68DBC7173} = {B983F764-6F5A-482E-9E8B-23D68DBC7173}
		{1EF1DBEB-344B-45C9-BF06-FE36F5145C27} = {1EF1DBEB-344B-45C9-BF06-FE36F5145C27}
		{4DC006AE-1CA8-476B-AD2C-F43A8F093E5A} = {4DC006AE-1CA8-476B-AD2C-F43A8F093E5A}
		{8B79E71C-A5BA-4ABD-9BF6-D3858054F7A0} = {8B79E71C-A5BA-4ABD-9BF6-D3858054F7A0}
	EndProjectSection
EndProject
Project("{8BC9CEB8-8B4A-11D0-8D11-00A0C91BC942}") = "libfdatetime", "libfdatetime\libfdatetime.vcproj", "{F3C93041-4C86-4F58-B22C-336B2A82038A}"
	ProjectSection(ProjectDependencies) = postProject
		{D9C6A373-1CE2-4C36-A52D-3819EE8A64ED} = {D9C6A373-1CE2-4C36-A52D-3819EE8A64ED}
		{CA038E14-4A24-4E0A-8198-66FCE5D1D48B} = {CA038E14-4A24-4E0A-8198-66FCE5D1D48B}
	EndProjectSection
EndProject
Project("{8BC9CEB8-8B4A-11D0-8D11-00A0C91BC942}") = "libcfile", "libcfile\libcfile.vcproj", "{4DC006AE-1CA8-476B-AD2C-F43A8F093E5A}"
	ProjectSection(ProjectDependencies) = postProject
		{D9C6A373-1CE2-4C36-A52D-3819EE8A64ED} = {D9C6A373-1CE2-4C36-A52D-3819EE8A64ED}
		{CA038E14-4A24-4E0A-8198-66FCE5D1D48B} = {CA038E14-4A24-4E0A-8198-66FCE5D1D48B}
		{221E4F2C-BB02-4C32-9C3E-95E80CC60574} = {221E4F2C-BB02-4C32-9C3E-95E80CC60574}
		{6A54FAA1-6394-40D7-94F2-2F504C1E8A85} = {6A54FAA1-6394-40D7-94F2-2F504C1E8A85}
		{1EF1DBEB-344B-45C9-BF06-FE36F5145C27} = {1EF1DBEB-344B-45C9-BF06-FE36F5145C27}
	EndProjectSection
EndProject
Project("{8BC9CEB8-8B4A-11D0-8D11-00A0C91BC942}") = "libfwnt", "libfwnt\libfwnt.vcproj", "{25FBF40F-8CE3-4F18-B738-43388FA152C9}"
	ProjectSection(ProjectDependencies) = postProject
		{D9C6A373-1CE2-4C36-A52D-3819EE8A64ED} = {D9C6A373-1CE2-4C36-A52D-3819EE8A64ED}
		{CA038E14-4A24-4E0A-8198-66FCE5D1D48B} = {CA038E14-4A24-4E0A-8198-66FCE5D1D48B}
		{3FB75558-9168-450F-9FE2-EDB2A08EBE64} = {3FB75558-9168-450F-9FE2-EDB2A08EBE64}
		{6CDB6011-A284-45B9-9043-D79AEC26396C} = {6CDB6011-A284-45B9-9043-D79AEC26396C}
		{6A54FAA1-6394-40D7-94F2-2F504C1E8A85} = {6A54FAA1-6394-40D7-94F2-2F504C1E8A85}
	EndProjectSection
EndProject
Project("{8BC9CEB8-8B4A-11D0-8D11-00A0C91BC942}") = "libcthreads", "libcthreads\libcthreads.vcproj", "{3FB75558-9168-450F-9FE2-EDB2A08EBE64}"
	ProjectSection(ProjectDependencies) = postProject
		{D9C6A373-1CE2-4C36-A52D-3819EE8A64ED} = {D9C6A373-1CE2-4C36-A52D-3819EE8A64ED}
		{CA038E14-4A24-4E0A-8198-66FCE5D1D48B} = {CA038E14-4A24-4E0A-8198-66FCE5D1D48B}
	EndProjectSection
EndProject
Project("{8BC9CEB8-8B4A-11D0-8D11-00A0C91BC942}") = "libcpath", "libcpath\libcpath.vcproj", "{8B79E71C-A5BA-4ABD-9BF6-D3858054F7A0}"
	ProjectSection(ProjectDependencies) = postProject
		{D9C6A373-1CE2-4C36-A52D-3819EE8A64ED} = {D9C6A373-1CE2-4C36-A52D-3819EE8A64ED}
		{CA038E14-4A24-4E0A-8198-66FCE5D1D48B} = {CA038E14-4A24-4E0A-8198-66FCE5D1D48B}
		{221E4F2C-BB02-4C32-9C3E-95E80CC60574} = {221E4F2C-BB02-4C32-9C3E-95E80CC60574}
		{B983F764-6F5A-482E-9E8B-23D68DBC7173} = {B983F764-6F5A-482E-9E8B-23D68DBC7173}
		{1EF1DBEB-344B-45C9-BF06-FE36F5145C27} = {1EF1DBEB-344B-45C9-BF06-FE36F5145C27}
	EndProjectSection
EndProject
Project("{8BC9CEB8-8B4A-11D0-8D11-00A0C91BC942}") = "libfusn", "libfusn\libfusn.vcproj", "{682153A3-8081-4698-802F-F0E3DA327950}"
	ProjectSection(ProjectDependencies) = postProject
		{D9C6A373-1CE2-4C36-A52D-3819EE8A64ED} = {D9C6A373-1CE2-4C36-A52D-3819EE8A64ED}
		{CA038E14-4A24-4E0A-8198-66FCE5D1D48B} = {CA038E14-4A24-4E0A-8198-66FCE5D1D48B}
		{6A54FAA1-6394-40D7-94F2-2F504C1E8A85} = {6A54FAA1-6394-40D7-94F2-2F504C1E8A85}
		{1EF1DBEB-344B-45C9-BF06-FE36F5145C27} = {1EF1DBEB-344B-45C9-BF06-FE36F5145C27}
		{F3C93041-4C86-4F58-B22C-336B2A82038A} = {F3C93041-4C86-4F58-B22C-336B2A82038A}
	EndProjectSection
EndProject
Project("{8BC9CEB8-8B4A-11D0-8D11-00A0C91BC942}") = "libcstring", "libcstring\libcstring.vcproj", "{D9C6A373-1CE2-4C36-A52D-3819EE8A64ED}"
EndProject
Project("{8BC9CEB8-8B4A-11D0-8D11-00A0C91BC942}") = "libuna", "libuna\libuna.vcproj", "{1EF1DBEB-344B-45C9-BF06-FE36F5145C27}"
	ProjectSection(ProjectDependencies) = postProject
		{D9C6A373-1CE2-4C36-A52D-3819EE8A64ED} = {D9C6A373-1CE2-4C36-A52D-3819EE8A64ED}
		{CA038E14-4A24-4E0A-8198-66FCE5D1D48B} = {CA038E14-4A24-4E0A-8198-66FCE5D1D48B}
	EndProjectSection
EndProject
Project("{8BC9CEB8-8B4A-11D0-8D11-00A0C91BC942}") = "libfsrefs", "libfsrefs\libfsrefs.vcproj", "{44706D15-A853-489F-B136-57F352800654}"
	ProjectSection(ProjectDependencies) = postProject
		{D9C6A373-1CE2-4C36-A52D-3819EE8A64ED} = {D9C6A373-1CE2-4C36-A52D-3819EE8A64ED}
		{CA038E14-4A24-4E0A-8198-66FCE5D1D48B} = {CA038E14-4A24-4E0A-8198-66FCE5D1D48B}
		{6CDB6011-A284-45B9-9043-D79AEC26396C} = {6CDB6011-A284-45B9-9043-D79AEC26396C}
		{221E4F2C-BB02-4C32-9C3E-95E80CC60574} = {221E4F2C-BB02-4C32-9C3E-95E80CC60574}
		{6A54FAA1-6394-40D7-94F2-2F504C1E8A85} = {6A54FAA1-6394-40D7-94F2-2F504C1E8A85}
		{B983F764-6F5A-482E-9E8B-23D68DBC7173} = {B983F764-6F5A-482E-9E8B-23D68DBC7173}
		{1EF1DBEB-344B-45C9-BF06-FE36F5145C27} = {1EF1DBEB-344B-45C9-BF06-FE36F5145C27}
		{4DC006AE-1CA8-476B-AD2C-F43A8F093E5A} = {4DC006AE-1CA8-476B-AD2C-F43A8F093E5A}
		{8B79E71C-A5BA-4ABD-9BF6-D3858054F7A0} = {8B79E71C-A5BA-4ABD-9BF6-D3858054F7A0}
		{6B3ECD42-FEA0-4920-B1F5-FBB83439A17D} = {6B3ECD42-FEA0-4920-B1F5-FBB83439A17D}
		{3B808C9B-707E-4AD6-80E3-A57B5FA3AFAF} = {3B808C9B-707E-4AD6-80E3-A57B5FA3AFAF}
		{C1E29BED-CD7D-4A41-8DE4-45F7EA4CBFE4} = {C1E29BED-CD7D-4A41-8DE4-45F7EA4CBFE4}
		{F3C93041-4C86-4F58-B22C-336B2A82038A} = {F3C93041-4C86-4F58-B22C-336B2A82038A}
		{87BEF2E0-F880-46F6-ADDA-DDBCD4A80B3D} = {87BEF2E0-F880-46F6-ADDA-DDBCD4A80B3D}
		{25FBF40F-8CE3-4F18-B738-43388FA152C9} = {25FBF40F-8CE3-4F18-B738-43388FA152C9}
	EndProjectSection
EndProject
Project("{8BC9CEB8-8B4A-11D0-8D11-00A0C91BC942}") = "libcerror", "libcerror\libcerror.vcproj", "{CA038E14-4A24-4E0A-8198-66FCE5D1D48B}"
	ProjectSection(ProjectDependencies) = postProject
		{D9C6A373-1CE2-4C36-A52D-3819EE8A64ED} = {D9C6A373-1CE2-4C36-A52D-3819EE8A64ED}
	EndProjectSection
EndProject
Project("{8BC9CEB8-8B4A-11D0-8D11-00A0C91BC942}") = "libcnotify", "libcnotify\libcnotify.vcproj", "{6A54FAA1-6394-40D7-94F2-2F504C1E8A85}"
	ProjectSection(ProjectDependencies) = postProject
		{D9C6A373-1CE2-4C36-A52D-3819EE8A64ED} = {D9C6A373-1CE2-4C36-A52D-3819EE8A64ED}
		{CA038E14-4A24-4E0A-8198-66FCE5D1D48B} = {CA038E14-4A24-4E0A-8198-66FCE5D1D48B}
	EndProjectSection
EndProject
Project("{8BC9CEB8-8B4A-11D0-8D11-00A0C91BC942}") = "fsrefsinfo", "fsrefsinfo\fsrefsinfo.vcproj", "{DDF498F3-065E-468C-B3AA-0C538AD45B1E}"
	ProjectSection(ProjectDependencies) = postProject
		{3F1E71C3-4DAB-4B41-B92C-409DA3BF7A1C} = {3F1E71C3-4DAB-4B41-B92C-409DA3BF7A1C}
		{6B3ECD42-FEA0-4920-B1F5-FBB83439A17D} = {6B3ECD42-FEA0-4920-B1F5-FBB83439A17D}
		{8B79E71C-A5BA-4ABD-9BF6-D3858054F7A0} = {8B79E71C-A5BA-4ABD-9BF6-D3858054F7A0}
		{4DC006AE-1CA8-476B-AD2C-F43A8F093E5A} = {4DC006AE-1CA8-476B-AD2C-F43A8F093E5A}
		{B983F764-6F5A-482E-9E8B-23D68DBC7173} = {B983F764-6F5A-482E-9E8B-23D68DBC7173}
		{44706D15-A853-489F-B136-57F352800654} = {44706D15-A853-489F-B136-57F352800654}
		{6A54FAA1-6394-40D7-94F2-2F504C1E8A85} = {6A54FAA1-6394-40D7-94F2-2F504C1E8A85}
		{221E4F2C-BB02-4C32-9C3E-95E80CC60574} = {221E4F2C-BB02-4C32-9C3E-95E80CC60574}
		{CA038E14-4A24-4E0A-8198-66FCE5D1D48B} = {CA038E14-4A24-4E0A-8198-66FCE5D1D48B}
		{D9C6A373-1CE2-4C36-A52D-3819EE8A64ED} = {D9C6A373-1CE2-4C36-A52D-3819EE8A64ED}
	EndProjectSection
EndProject
Project("{8BC9CEB8-8B4A-11D0-8D11-00A0C91BC942}") = "libcsystem", "libcsystem\libcsystem.vcproj", "{3F1E71C3-4DAB-4B41-B92C-409DA3BF7A1C}"
	ProjectSection(ProjectDependencies) = postProject
		{D9C6A373-1CE2-4C36-A52D-3819EE8A64ED} = {D9C6A373-1CE2-4C36-A52D-3819EE8A64ED}
		{CA038E14-4A24-4E0A-8198-66FCE5D1D48B} = {CA038E14-4A24-4E0A-8198-66FCE5D1D48B}
		{221E4F2C-BB02-4C32-9C3E-95E80CC60574} = {221E4F2C-BB02-4C32-9C3E-95E80CC60574}
		{6A54FAA1-6394-40D7-94F2-2F504C1E8A85} = {6A54FAA1-6394-40D7-94F2-2F504C1E8A85}
		{1EF1DBEB-344B-45C9-BF06-FE36F5145C27} = {1EF1DBEB-344B-45C9-BF06-FE36F5145C27}
	EndProjectSection
EndProject
Project("{8BC9CEB8-8B4A-11D0-8D11-00A0C91BC942}") = "libfdata", "libfdata\libfdata.vcproj", "{C1E29BED-CD7D-4A41-8DE4-45F7EA4CBFE4}"
	ProjectSection(ProjectDependencies) = postProject
		{D9C6A373-1CE2-4C36-A52D-3819EE8A64ED} = {D9C6A373-1CE2-4C36-A52D-3819EE8A64ED}
		{CA038E14-4A24-4E0A-8198-66FCE5D1D48B} = {CA038E14-4A24-4E0A-8198-66FCE5D1D48B}
		{3FB75558-9168-450F-9FE2-EDB2A08EBE64} = {3FB75558-9168-450F-9FE2-EDB2A08EBE64}
		{6CDB6011-A284-45B9-9043-D79AEC26396C} = {6CDB6011-A284-45B9-9043-D79AEC26396C}
		{6A54FAA1-6394-40D7-94F2-2F504C1E8A85} = {6A54FAA1-6394-40D7-94F2-2F504C1E8A85}
		{3B808C9B-707E-4AD6-80E3-A57B5FA3AFAF} = {3B808C9B-707E-4AD6-80E3-A57B5FA3AFAF}
	EndProjectSection
EndProject
Project("{8BC9CEB8-8B4A-11D0-8D11-00A0C91BC942}") = "libcdata", "libcdata\libcdata.vcproj", "{6CDB6011-A284-45B9-9043-D79AEC26396C}"
	ProjectSection(ProjectDependencies) = postProject
		{D9C6A373-1CE2-4C36-A52D-3819EE8A64ED} = {D9C6A373-1CE2-4C36-A52D-3819EE8A64ED}
		{CA038E14-4A24-4E0A-8198-66FCE5D1D48B} = {CA038E14-4A24-4E0A-8198-66FCE5D1D48B}
		{3FB75558-9168-450F-9FE2-EDB2A08EBE64} = {3FB75558-9168-450F-9FE2-EDB2A08EBE64}
	EndProjectSection
EndProject
Project("{8BC9CEB8-8B4A-11D0-8D11-00A0C91BC942}") = "libcsplit", "libcsplit\libcsplit.vcproj", "{B983F764-6F5A-482E-9E8B-23D68DBC7173}"
	ProjectSection(ProjectDependencies) = postProject
		{D9C6A373-1CE2-4C36-A52D-3819EE8A64ED} = {D9C6A373-1CE2-4C36-A52D-3819EE8A64ED}
		{CA038E14-4A24-4E0A-8198-66FCE5D1D48B} = {CA038E14-4A24-4E0A-8198-66FCE5D1D48B}
	EndProjectSection
EndProject
Global
	GlobalSection(SolutionConfigurationPlatforms) = preSolution
		Release|Win32 = Release|Win32
		VSDebug|Win32 = VSDebug|Win32
	EndGlobalSection
	GlobalSection(ProjectConfigurationPlatforms) = postSolution
		{3B808C9B-707E-4AD6-80E3-A57B5FA3AFAF}.Release|Win32.ActiveCfg = Release|Win32
		{3B808C9B-707E-4AD6-80E3-A57B5FA3AFAF}.Release|Win32.Build.0 = Release|Win32
		{3B808C9B-707E-4AD6-80E3-A57B5FA3AFAF}.VSDebug|Win32.ActiveCfg = VSDebug|Win32
		{3B808C9B-707E-4AD6-80E3-A57B5FA3AFAF}.VSDebug|Win32.Build.0 = VSDebug|Win32
		{87BEF2E0-F880-46F6-ADDA-DDBCD4A80B3D}.Release|Win32.ActiveCfg = Release|Win32
		{87BEF2E0-F880-46F6-ADDA-DDBCD4A80B3D}.Release|Win32.Build.0 = Release|Win32
		{87BEF2E0-F880-46F6-ADDA-DDBCD4A80B3D}.VSDebug|Win32.ActiveCfg = VSDebug|Win32
		{87BEF2E0-F880-46F6-ADDA-DDBCD4A80B3D}.VSDebug|Win32.Build.0 = VSDebug|Win32
		{639EC8C8-0090-440F-B2F4-E098B3C2CBDC}.Release|Win32.ActiveCfg = Release|Win32
		{639EC8C8-0090-440F-B2F4-E098B3C2CBDC}.Release|Win32.Build.0 = Release|Win32
		{639EC8C8-0090-440F-B2F4-E098B3C2CBDC}.VSDebug|Win32.ActiveCfg = VSDebug|Win32
		{639EC8C8-0090-440F-B2F4-E098B3C2CBDC}.VSDebug|Win32.Build.0 = VSDebug|Win32
		{221E4F2C-BB02-4C32-9C3E-95E80CC60574}.Release|Win32.ActiveCfg = Release|Win32
		{221E4F2C-BB02-4C32-9C3E-95E80CC60574}.Release|Win32.Build.0 = Release|Win32
		{221E4F2C-BB02-4C32-9C3E-95E80CC60574}.VSDebug|Win32.ActiveCfg = VSDebug|Win32
		{221E4F2C-BB02-4C32-9C3E-95E80CC60574}.VSDebug|Win32.Build.0 = VSDebug|Win32
		{6B3ECD42-FEA0-4920-B1F5-FBB83439A17D}.Release|Win32.ActiveCfg = Release|Win32
		{6B3ECD42-FEA0-4920-B1F5-FBB83439A17D}.Release|Win32.Build.0 = Release|Win32
		{6B3ECD42-FEA0-4920-B1F5-FBB83439A17D}.VSDebug|Win32.ActiveCfg = VSDebug|Win32
		{6B3ECD42-FEA0-4920-B1F5-FBB83439A17D}.VSDebug|Win32.Build.0 = VSDebug|Win32
		{F3C93041-4C86-4F58-B22C-336B2A82038A}.Release|Win32.ActiveCfg = Release|Win32
		{F3C93041-4C86-4F58-B22C-336B2A82038A}.Release|Win32.Build.0 = Release|Win32
		{F3C93041-4C86-4F58-B22C-336B2A82038A}.VSDebug|Win32.ActiveCfg = VSDebug|Win32
		{F3C93041-4C86-4F58-B22C-336B2A82038A}.VSDebug|Win32.Build.0 = VSDebug|Win32
		{4DC006AE-1CA8-476B-AD2C-F43A8F093E5A}.Release|Win32.ActiveCfg = Release|Win32
		{4DC006AE-1CA8-476B-AD2C-F43A8F093E5A}.Release|Win32.Build.0 = Release|Win32
		{4DC006AE-1CA8-476B-AD2C-F43A8F093E5A}.VSDebug|Win32.ActiveCfg = VSDebug|Win32
		{4DC006AE-1CA8-476B-AD2C-F43A8F093E5A}.VSDebug|Win32.Build.0 = VSDebug|Win32
		{25FBF40F-8CE3-4F18-B738-43388FA152C9}.Release|Win32.ActiveCfg = Release|Win32
		{25FBF40F-8CE3-4F18-B738-43388FA152C9}.Release|Win32.Build.0 = Release|Win32
		{25FBF40F-8CE3-4F18-B738-43388FA152C9}.VSDebug|Win32.ActiveCfg = VSDebug|Win32
		{25FBF40F-8CE3-4F18-B738-43388FA152C9}.VSDebug|Win32.Build.0 = VSDebug|Win32
		{3FB75558-9168-450F-9FE2-EDB2A08EBE64}.Release|Win32.ActiveCfg = Release|Win32
		{3FB75558-9168-450F-9FE2-EDB2A08EBE64}.Release|Win32.Build.0 = Release|Win32
		{3FB75558-9168-450F-9FE2-EDB2A08EBE64}.VSDebug|Win32.ActiveCfg = VSDebug|Win32
		{3FB75558-9168-450F-9FE2-EDB2A08EBE64}.VSDebug|Win32.Build.0 = VSDebug|Win32
		{8B79E71C-A5BA-4ABD-9BF6-D3858054F7A0}.Release|Win32.ActiveCfg = Release|Win32
		{8B79E71C-A5BA-4ABD-9BF6-D3858054F7A0}.Release|Win32.Build.0 = Release|Win32
		{8B79E71C-A5BA-4ABD-9BF6-D3858054F7A0}.VSDebug|Win32.ActiveCfg = VSDebug|Win32
		{8B79E71C-A5BA-4ABD-9BF6-D3858054F7A0}.VSDebug|Win32.Build.0 = VSDebug|Win32
		{682153A3-8081-4698-802F-F0E3DA327950}.Release|Win32.ActiveCfg = Release|Win32
		{682153A3-8081-4698-802F-F0E3DA327950}.Release|Win32.Build.0 = Release|Win32
		{682153A3-8081-4698-802F-F0E3DA327950}.VSDebug|Win32.ActiveCfg = VSDebug|Win32
		{682153A3-8081-4698-802F-F0E3DA327950}.VSDebug|Win32.Build.0 = VSDebug|Win32
		{D9C6A373-1CE2-4C36-A52D-3819EE8A64ED}.Release|Win32.ActiveCfg = Release|Win32
		{D9C6A373-1CE2-4C36-A52D-3819EE8A64ED}.Release|Win32.Build.0 = Release|Win32
		{D9C6A373-1CE2-4C36-A52D-3819EE8A64ED}.VSDebug|Win32.ActiveCfg = VSDebug|Win32
		{D9C6A373-1CE2-4C36-A52D-3819EE8A64ED}.VSDebug|Win32.Build.0 = VSDebug|Win32
		{1EF1DBEB-344B-45C9-BF06-FE36F5145C27}.Release|Win32.ActiveCfg = Release|Win32
		{1EF1DBEB-344B-45C9-BF06-FE36F5145C27}.Release|Win32.Build.0 = Release|Win32
		{1EF1DBEB-344B-45C9-BF06-FE36F5145C27}.VSDebug|Win32.ActiveCfg = VSDebug|Win32
		{1EF1DBEB-344B-45C9-BF06-FE36F5145C27}.VSDebug|Win32.Build.0 = VSDebug|Win32
		{44706D15-A853-489F-B136-57F352800654}.Release|Win32.ActiveCfg = Release|Win32
		{44706D15-A853-489F-B136-57F352800654}.Release|Win32.Build.0 = Release|Win32
		{44706D15-A853-489F-B136-57F352800654}.VSDebug|Win32.ActiveCfg = VSDebug|Win32
		{44706D15-A853-489F-B136-57F352800654}.VSDebug|Win32.Build.0 = VSDebug|Win32
		{CA038E14-4A24-4E0A-8198-66FCE5D1D48B}.Release|Win32.ActiveCfg = Release|Win32
		{CA038E14-4A24-4E0A-8198-66FCE5D1D48B}.Release|Win32.Build.0 = Release|Win32
		{CA038E14-4A24-4E0A-8198-66FCE5D1D48B}.VSDebug|Win32.ActiveCfg = VSDebug|Win32
		{CA038E14-4A24-4E0A-8198-66FCE5D1D48B}.VSDebug|Win32.Build.0 = VSDebug|Win32
		{6A54FAA1-6394-40D7-94F2-2F504C1E8A85}.Release|Win32.ActiveCfg = Release|Win32
		{6A54FAA1-6394-40D7-94F2-2F504C1E8A85}.Release|Win32.Build.0 = Release|Win32
		{6A54FAA1-6394-40D7-94F2-2F504C1E8A85}.VSDebug|Win32.ActiveCfg = VSDebug|Win32
		{6A54FAA1-6394-40D7-94F2-2F504C1E8A85}.VSDebug|Win32.Build.0 = VSDebug|Win32
		{DDF498F3-065E-468C-B3AA-0C538AD45B1E}.Release|Win32.ActiveCfg = Release|Win32
		{DDF498F3-065E-468C-B3AA-0C538AD45B1E}.Release|Win32.Build.0 = Release|Win32
		{DDF498F3-065E-468C-B3AA-0C538AD45B1E}.VSDebug|Win32.ActiveCfg = VSDebug|Win32
		{DDF498F3-065E-468C-B3AA-0C538AD45B1E}.VSDebug|Win32.Build.0 = VSDebug|Win32
		{3F1E71C3-4DAB-4B41-B92C-409DA3BF7A1C}.Release|Win32.ActiveCfg = Release|Win32
		{3F1E71C3-4DAB-4B41-B92C-409DA3BF7A1C}.Release|Win32.Build.0 = Release|Win32
		{3F1E71C3-4DAB-4B41-B92C-409DA3BF7A1C}.VSDebug|Win32.ActiveCfg = VSDebug|Win32
		{3F1E71C3-4DAB-4B41-B92C-409DA3BF7A1C}.VSDebug|Win32.Build.0 = VSDebug|Win32
		{C1E29BED-CD7D-4A41-8DE4-45F7EA4CBFE4}.Release|Win32.ActiveCfg = Release|Win32
		{C1E29BED-CD7D-4A41-8DE4-45F7EA4CBFE4}.Release|Win32.Build.0 = Release|Win32
		{C1E29BED-CD7D-4A41-8DE4-45F7EA4CBFE4}.VSDebug|Win32.ActiveCfg = VSDebug|Win32
		{C1E29BED-CD7D-4A41-8DE4-45F7EA4CBFE4}.VSDebug|Win32.Build.0 = VSDebug|Win32
		{6CDB6011-A284-45B9-9043-D79AEC26396C}.Release|Win32.ActiveCfg = Release|Win32
		{6CDB6011-A284-45B9-9043-D79AEC26396C}.Release|Win32.Build.0 = Release|Win32
		{6CDB6011-A284-45B9-9043-D79AEC26396C}.VSDebug|Win32.ActiveCfg = VSDebug|Win32
		{6CDB6011-A284-45B9-9043-D79AEC26396C}.VSDebug|Win32.Build.0 = VSDebug|Win32
		{B983F764-6F5A-482E-9E8B-23D68DBC7173}.Release|Win32.ActiveCfg = Release|Win32
		{B983F764-6F5A-482E-9E8B-23D68DBC7173}.Release|Win32.Build.0 = Release|Win32
		{B983F764-6F5A-482E-9E8B-23D68DBC7173}.VSDebug|Win32.ActiveCfg = VSDebug|Win32
		{B983F764-6F5A-482E-9E8B-23D68DBC7173}.VSDebug|Win32.Build.0 = VSDebug|Win32
	EndGlobalSection
	GlobalSection(SolutionProperties) = preSolution
		HideSolutionNode = FALSE
	EndGlobalSection
EndGlobal
