
Microsoft Visual Studio Solution File, Format Version 10.00
# Visual C++ Express 2008
Project("{8BC9CEB8-8B4A-11D0-8D11-00A0C91BC942}") = "libfcache", "libfcache\libfcache.vcproj", "{3B808C9B-707E-4AD6-80E3-A57B5FA3AFAF}"
	ProjectSection(ProjectDependencies) = postProject
		{CA038E14-4A24-4E0A-8198-66FCE5D1D48B} = {CA038E14-4A24-4E0A-8198-66FCE5D1D48B}
		{3FB75558-9168-450F-9FE2-EDB2A08EBE64} = {3FB75558-9168-450F-9FE2-EDB2A08EBE64}
		{6CDB6011-A284-45B9-9043-D79AEC26396C} = {6CDB6011-A284-45B9-9043-D79AEC26396C}
	EndProjectSection
EndProject
Project("{8BC9CEB8-8B4A-11D0-8D11-00A0C91BC942}") = "libfguid", "libfguid\libfguid.vcproj", "{87BEF2E0-F880-46F6-ADDA-DDBCD4A80B3D}"
	ProjectSection(ProjectDependencies) = postProject
		{CA038E14-4A24-4E0A-8198-66FCE5D1D48B} = {CA038E14-4A24-4E0A-8198-66FCE5D1D48B}
	EndProjectSection
EndProject
Project("{8BC9CEB8-8B4A-11D0-8D11-00A0C91BC942}") = "fsrefs_test_block_descriptor", "fsrefs_test_block_descriptor\fsrefs_test_block_descriptor.vcproj", "{86FE2A37-6E20-42C5-AD0E-65C894513B1E}"
	ProjectSection(ProjectDependencies) = postProject
		{44706D15-A853-489F-B136-57F352800654} = {44706D15-A853-489F-B136-57F352800654}
		{CA038E14-4A24-4E0A-8198-66FCE5D1D48B} = {CA038E14-4A24-4E0A-8198-66FCE5D1D48B}
	EndProjectSection
EndProject
Project("{8BC9CEB8-8B4A-11D0-8D11-00A0C91BC942}") = "fsrefs_test_block_descriptors", "fsrefs_test_block_descriptors\fsrefs_test_block_descriptors.vcproj", "{91D86977-243E-45A0-A506-F0C954801288}"
	ProjectSection(ProjectDependencies) = postProject
		{44706D15-A853-489F-B136-57F352800654} = {44706D15-A853-489F-B136-57F352800654}
		{CA038E14-4A24-4E0A-8198-66FCE5D1D48B} = {CA038E14-4A24-4E0A-8198-66FCE5D1D48B}
	EndProjectSection
EndProject
Project("{8BC9CEB8-8B4A-11D0-8D11-00A0C91BC942}") = "fsrefs_test_directory", "fsrefs_test_directory\fsrefs_test_directory.vcproj", "{246147B2-C826-48F7-B0BE-C0B46F02A6CD}"
	ProjectSection(ProjectDependencies) = postProject
		{44706D15-A853-489F-B136-57F352800654} = {44706D15-A853-489F-B136-57F352800654}
		{CA038E14-4A24-4E0A-8198-66FCE5D1D48B} = {CA038E14-4A24-4E0A-8198-66FCE5D1D48B}
	EndProjectSection
EndProject
Project("{8BC9CEB8-8B4A-11D0-8D11-00A0C91BC942}") = "fsrefs_test_error", "fsrefs_test_error\fsrefs_test_error.vcproj", "{F4A33415-A38B-4FCE-A9C5-C3298AB0DA31}"
	ProjectSection(ProjectDependencies) = postProject
		{44706D15-A853-489F-B136-57F352800654} = {44706D15-A853-489F-B136-57F352800654}
	EndProjectSection
EndProject
Project("{8BC9CEB8-8B4A-11D0-8D11-00A0C91BC942}") = "fsrefs_test_io_handle", "fsrefs_test_io_handle\fsrefs_test_io_handle.vcproj", "{011F4ADF-096E-4B5C-972B-80CA715C06E8}"
	ProjectSection(ProjectDependencies) = postProject
		{44706D15-A853-489F-B136-57F352800654} = {44706D15-A853-489F-B136-57F352800654}
		{CA038E14-4A24-4E0A-8198-66FCE5D1D48B} = {CA038E14-4A24-4E0A-8198-66FCE5D1D48B}
	EndProjectSection
EndProject
Project("{8BC9CEB8-8B4A-11D0-8D11-00A0C91BC942}") = "fsrefs_test_level0_metadata", "fsrefs_test_level0_metadata\fsrefs_test_level0_metadata.vcproj", "{7E0CAB38-766C-4B17-969D-B10E8DAE6430}"
	ProjectSection(ProjectDependencies) = postProject
		{44706D15-A853-489F-B136-57F352800654} = {44706D15-A853-489F-B136-57F352800654}
		{CA038E14-4A24-4E0A-8198-66FCE5D1D48B} = {CA038E14-4A24-4E0A-8198-66FCE5D1D48B}
	EndProjectSection
EndProject
Project("{8BC9CEB8-8B4A-11D0-8D11-00A0C91BC942}") = "fsrefs_test_level1_metadata", "fsrefs_test_level1_metadata\fsrefs_test_level1_metadata.vcproj", "{B6612907-00C8-4388-86FF-F596543F386D}"
	ProjectSection(ProjectDependencies) = postProject
		{44706D15-A853-489F-B136-57F352800654} = {44706D15-A853-489F-B136-57F352800654}
		{CA038E14-4A24-4E0A-8198-66FCE5D1D48B} = {CA038E14-4A24-4E0A-8198-66FCE5D1D48B}
	EndProjectSection
EndProject
Project("{8BC9CEB8-8B4A-11D0-8D11-00A0C91BC942}") = "fsrefs_test_level2_metadata", "fsrefs_test_level2_metadata\fsrefs_test_level2_metadata.vcproj", "{2DC26DAE-740E-4108-A2E7-935F98D4AE89}"
	ProjectSection(ProjectDependencies) = postProject
		{44706D15-A853-489F-B136-57F352800654} = {44706D15-A853-489F-B136-57F352800654}
		{CA038E14-4A24-4E0A-8198-66FCE5D1D48B} = {CA038E14-4A24-4E0A-8198-66FCE5D1D48B}
	EndProjectSection
EndProject
Project("{8BC9CEB8-8B4A-11D0-8D11-00A0C91BC942}") = "fsrefs_test_level3_metadata", "fsrefs_test_level3_metadata\fsrefs_test_level3_metadata.vcproj", "{ED4DC329-58CA-4947-ACA1-007E678E89A5}"
	ProjectSection(ProjectDependencies) = postProject
		{44706D15-A853-489F-B136-57F352800654} = {44706D15-A853-489F-B136-57F352800654}
		{CA038E14-4A24-4E0A-8198-66FCE5D1D48B} = {CA038E14-4A24-4E0A-8198-66FCE5D1D48B}
	EndProjectSection
EndProject
Project("{8BC9CEB8-8B4A-11D0-8D11-00A0C91BC942}") = "fsrefs_test_metadata_block", "fsrefs_test_metadata_block\fsrefs_test_metadata_block.vcproj", "{6D2302FA-8B35-4308-8790-032B3B6AB3FF}"
	ProjectSection(ProjectDependencies) = postProject
		{44706D15-A853-489F-B136-57F352800654} = {44706D15-A853-489F-B136-57F352800654}
		{CA038E14-4A24-4E0A-8198-66FCE5D1D48B} = {CA038E14-4A24-4E0A-8198-66FCE5D1D48B}
	EndProjectSection
EndProject
Project("{8BC9CEB8-8B4A-11D0-8D11-00A0C91BC942}") = "fsrefs_test_metadata_table", "fsrefs_test_metadata_table\fsrefs_test_metadata_table.vcproj", "{4E20C441-C6F6-440D-BE1A-D88BE5E8FDCF}"
	ProjectSection(ProjectDependencies) = postProject
		{44706D15-A853-489F-B136-57F352800654} = {44706D15-A853-489F-B136-57F352800654}
		{CA038E14-4A24-4E0A-8198-66FCE5D1D48B} = {CA038E14-4A24-4E0A-8198-66FCE5D1D48B}
	EndProjectSection
EndProject
Project("{8BC9CEB8-8B4A-11D0-8D11-00A0C91BC942}") = "fsrefs_test_metadata_value", "fsrefs_test_metadata_value\fsrefs_test_metadata_value.vcproj", "{2CCDE11A-F1A4-4FD5-95E7-837A85D2C6A7}"
	ProjectSection(ProjectDependencies) = postProject
		{44706D15-A853-489F-B136-57F352800654} = {44706D15-A853-489F-B136-57F352800654}
		{CA038E14-4A24-4E0A-8198-66FCE5D1D48B} = {CA038E14-4A24-4E0A-8198-66FCE5D1D48B}
	EndProjectSection
EndProject
Project("{8BC9CEB8-8B4A-11D0-8D11-00A0C91BC942}") = "fsrefs_test_notify", "fsrefs_test_notify\fsrefs_test_notify.vcproj", "{C6939822-15BF-4CD9-8DF1-6444B30DF640}"
	ProjectSection(ProjectDependencies) = postProject
		{44706D15-A853-489F-B136-57F352800654} = {44706D15-A853-489F-B136-57F352800654}
		{CA038E14-4A24-4E0A-8198-66FCE5D1D48B} = {CA038E14-4A24-4E0A-8198-66FCE5D1D48B}
	EndProjectSection
EndProject
Project("{8BC9CEB8-8B4A-11D0-8D11-00A0C91BC942}") = "fsrefs_test_support", "fsrefs_test_support\fsrefs_test_support.vcproj", "{3507BFE7-7504-46F9-B33E-038BDC5EC426}"
	ProjectSection(ProjectDependencies) = postProject
		{6B3ECD42-FEA0-4920-B1F5-FBB83439A17D} = {6B3ECD42-FEA0-4920-B1F5-FBB83439A17D}
		{8B79E71C-A5BA-4ABD-9BF6-D3858054F7A0} = {8B79E71C-A5BA-4ABD-9BF6-D3858054F7A0}
		{4DC006AE-1CA8-476B-AD2C-F43A8F093E5A} = {4DC006AE-1CA8-476B-AD2C-F43A8F093E5A}
		{1EF1DBEB-344B-45C9-BF06-FE36F5145C27} = {1EF1DBEB-344B-45C9-BF06-FE36F5145C27}
		{B983F764-6F5A-482E-9E8B-23D68DBC7173} = {B983F764-6F5A-482E-9E8B-23D68DBC7173}
		{6A54FAA1-6394-40D7-94F2-2F504C1E8A85} = {6A54FAA1-6394-40D7-94F2-2F504C1E8A85}
		{221E4F2C-BB02-4C32-9C3E-95E80CC60574} = {221E4F2C-BB02-4C32-9C3E-95E80CC60574}
		{6CDB6011-A284-45B9-9043-D79AEC26396C} = {6CDB6011-A284-45B9-9043-D79AEC26396C}
		{44706D15-A853-489F-B136-57F352800654} = {44706D15-A853-489F-B136-57F352800654}
		{CA038E14-4A24-4E0A-8198-66FCE5D1D48B} = {CA038E14-4A24-4E0A-8198-66FCE5D1D48B}
	EndProjectSection
EndProject
Project("{8BC9CEB8-8B4A-11D0-8D11-00A0C91BC942}") = "fsrefs_test_tools_info_handle", "fsrefs_test_tools_info_handle\fsrefs_test_tools_info_handle.vcproj", "{65CDD553-456B-4110-B594-87C12AF39B2B}"
	ProjectSection(ProjectDependencies) = postProject
		{6B3ECD42-FEA0-4920-B1F5-FBB83439A17D} = {6B3ECD42-FEA0-4920-B1F5-FBB83439A17D}
		{8B79E71C-A5BA-4ABD-9BF6-D3858054F7A0} = {8B79E71C-A5BA-4ABD-9BF6-D3858054F7A0}
		{4DC006AE-1CA8-476B-AD2C-F43A8F093E5A} = {4DC006AE-1CA8-476B-AD2C-F43A8F093E5A}
		{1EF1DBEB-344B-45C9-BF06-FE36F5145C27} = {1EF1DBEB-344B-45C9-BF06-FE36F5145C27}
		{B983F764-6F5A-482E-9E8B-23D68DBC7173} = {B983F764-6F5A-482E-9E8B-23D68DBC7173}
		{6A54FAA1-6394-40D7-94F2-2F504C1E8A85} = {6A54FAA1-6394-40D7-94F2-2F504C1E8A85}
		{221E4F2C-BB02-4C32-9C3E-95E80CC60574} = {221E4F2C-BB02-4C32-9C3E-95E80CC60574}
		{6CDB6011-A284-45B9-9043-D79AEC26396C} = {6CDB6011-A284-45B9-9043-D79AEC26396C}
		{44706D15-A853-489F-B136-57F352800654} = {44706D15-A853-489F-B136-57F352800654}
		{CA038E14-4A24-4E0A-8198-66FCE5D1D48B} = {CA038E14-4A24-4E0A-8198-66FCE5D1D48B}
	EndProjectSection
EndProject
Project("{8BC9CEB8-8B4A-11D0-8D11-00A0C91BC942}") = "fsrefs_test_tools_output", "fsrefs_test_tools_output\fsrefs_test_tools_output.vcproj", "{5E36F2A8-F375-4777-8D75-FB2C895FA81A}"
	ProjectSection(ProjectDependencies) = postProject
		{44706D15-A853-489F-B136-57F352800654} = {44706D15-A853-489F-B136-57F352800654}
		{CA038E14-4A24-4E0A-8198-66FCE5D1D48B} = {CA038E14-4A24-4E0A-8198-66FCE5D1D48B}
	EndProjectSection
EndProject
Project("{8BC9CEB8-8B4A-11D0-8D11-00A0C91BC942}") = "fsrefs_test_tools_signal", "fsrefs_test_tools_signal\fsrefs_test_tools_signal.vcproj", "{08B474B6-F7FE-4FCB-B598-B8C2F664BD88}"
	ProjectSection(ProjectDependencies) = postProject
		{44706D15-A853-489F-B136-57F352800654} = {44706D15-A853-489F-B136-57F352800654}
		{CA038E14-4A24-4E0A-8198-66FCE5D1D48B} = {CA038E14-4A24-4E0A-8198-66FCE5D1D48B}
	EndProjectSection
EndProject
Project("{8BC9CEB8-8B4A-11D0-8D11-00A0C91BC942}") = "fsrefs_test_volume", "fsrefs_test_volume\fsrefs_test_volume.vcproj", "{86CEACC5-A5E8-4664-9332-829C13BD3EB0}"
	ProjectSection(ProjectDependencies) = postProject
		{6B3ECD42-FEA0-4920-B1F5-FBB83439A17D} = {6B3ECD42-FEA0-4920-B1F5-FBB83439A17D}
		{8B79E71C-A5BA-4ABD-9BF6-D3858054F7A0} = {8B79E71C-A5BA-4ABD-9BF6-D3858054F7A0}
		{4DC006AE-1CA8-476B-AD2C-F43A8F093E5A} = {4DC006AE-1CA8-476B-AD2C-F43A8F093E5A}
		{1EF1DBEB-344B-45C9-BF06-FE36F5145C27} = {1EF1DBEB-344B-45C9-BF06-FE36F5145C27}
		{B983F764-6F5A-482E-9E8B-23D68DBC7173} = {B983F764-6F5A-482E-9E8B-23D68DBC7173}
		{6A54FAA1-6394-40D7-94F2-2F504C1E8A85} = {6A54FAA1-6394-40D7-94F2-2F504C1E8A85}
		{221E4F2C-BB02-4C32-9C3E-95E80CC60574} = {221E4F2C-BB02-4C32-9C3E-95E80CC60574}
		{6CDB6011-A284-45B9-9043-D79AEC26396C} = {6CDB6011-A284-45B9-9043-D79AEC26396C}
		{44706D15-A853-489F-B136-57F352800654} = {44706D15-A853-489F-B136-57F352800654}
		{3FB75558-9168-450F-9FE2-EDB2A08EBE64} = {3FB75558-9168-450F-9FE2-EDB2A08EBE64}
		{CA038E14-4A24-4E0A-8198-66FCE5D1D48B} = {CA038E14-4A24-4E0A-8198-66FCE5D1D48B}
	EndProjectSection
EndProject
Project("{8BC9CEB8-8B4A-11D0-8D11-00A0C91BC942}") = "fsrefs_test_volume_header", "fsrefs_test_volume_header\fsrefs_test_volume_header.vcproj", "{6703E278-1803-4BAD-A7B2-1C80E7BC4416}"
	ProjectSection(ProjectDependencies) = postProject
		{6B3ECD42-FEA0-4920-B1F5-FBB83439A17D} = {6B3ECD42-FEA0-4920-B1F5-FBB83439A17D}
		{8B79E71C-A5BA-4ABD-9BF6-D3858054F7A0} = {8B79E71C-A5BA-4ABD-9BF6-D3858054F7A0}
		{4DC006AE-1CA8-476B-AD2C-F43A8F093E5A} = {4DC006AE-1CA8-476B-AD2C-F43A8F093E5A}
		{1EF1DBEB-344B-45C9-BF06-FE36F5145C27} = {1EF1DBEB-344B-45C9-BF06-FE36F5145C27}
		{B983F764-6F5A-482E-9E8B-23D68DBC7173} = {B983F764-6F5A-482E-9E8B-23D68DBC7173}
		{6A54FAA1-6394-40D7-94F2-2F504C1E8A85} = {6A54FAA1-6394-40D7-94F2-2F504C1E8A85}
		{221E4F2C-BB02-4C32-9C3E-95E80CC60574} = {221E4F2C-BB02-4C32-9C3E-95E80CC60574}
		{6CDB6011-A284-45B9-9043-D79AEC26396C} = {6CDB6011-A284-45B9-9043-D79AEC26396C}
		{44706D15-A853-489F-B136-57F352800654} = {44706D15-A853-489F-B136-57F352800654}
		{CA038E14-4A24-4E0A-8198-66FCE5D1D48B} = {CA038E14-4A24-4E0A-8198-66FCE5D1D48B}
	EndProjectSection
EndProject
Project("{8BC9CEB8-8B4A-11D0-8D11-00A0C91BC942}") = "fsrefs_test_volume_information", "fsrefs_test_volume_information\fsrefs_test_volume_information.vcproj", "{CEC29D44-A0A6-47A8-ABBE-327C0367A3E1}"
	ProjectSection(ProjectDependencies) = postProject
		{44706D15-A853-489F-B136-57F352800654} = {44706D15-A853-489F-B136-57F352800654}
		{CA038E14-4A24-4E0A-8198-66FCE5D1D48B} = {CA038E14-4A24-4E0A-8198-66FCE5D1D48B}
	EndProjectSection
EndProject
Project("{8BC9CEB8-8B4A-11D0-8D11-00A0C91BC942}") = "fsrefs_test_volume_name", "fsrefs_test_volume_name\fsrefs_test_volume_name.vcproj", "{4860F960-5523-4773-80BE-2EEDBB86E69F}"
	ProjectSection(ProjectDependencies) = postProject
		{44706D15-A853-489F-B136-57F352800654} = {44706D15-A853-489F-B136-57F352800654}
		{CA038E14-4A24-4E0A-8198-66FCE5D1D48B} = {CA038E14-4A24-4E0A-8198-66FCE5D1D48B}
	EndProjectSection
EndProject
Project("{8BC9CEB8-8B4A-11D0-8D11-00A0C91BC942}") = "libclocale", "libclocale\libclocale.vcproj", "{221E4F2C-BB02-4C32-9C3E-95E80CC60574}"
	ProjectSection(ProjectDependencies) = postProject
		{CA038E14-4A24-4E0A-8198-66FCE5D1D48B} = {CA038E14-4A24-4E0A-8198-66FCE5D1D48B}
	EndProjectSection
EndProject
Project("{8BC9CEB8-8B4A-11D0-8D11-00A0C91BC942}") = "libbfio", "libbfio\libbfio.vcproj", "{6B3ECD42-FEA0-4920-B1F5-FBB83439A17D}"
	ProjectSection(ProjectDependencies) = postProject
		{CA038E14-4A24-4E0A-8198-66FCE5D1D48B} = {CA038E14-4A24-4E0A-8198-66FCE5D1D48B}
		{3FB75558-9168-450F-9FE2-EDB2A08EBE64} = {3FB75558-9168-450F-9FE2-EDB2A08EBE64}
		{221E4F2C-BB02-4C32-9C3E-95E80CC60574} = {221E4F2C-BB02-4C32-9C3E-95E80CC60574}
		{6A54FAA1-6394-40D7-94F2-2F504C1E8A85} = {6A54FAA1-6394-40D7-94F2-2F504C1E8A85}
		{6CDB6011-A284-45B9-9043-D79AEC26396C} = {6CDB6011-A284-45B9-9043-D79AEC26396C}
		{B983F764-6F5A-482E-9E8B-23D68DBC7173} = {B983F764-6F5A-482E-9E8B-23D68DBC7173}
		{4DC006AE-1CA8-476B-AD2C-F43A8F093E5A} = {4DC006AE-1CA8-476B-AD2C-F43A8F093E5A}
		{8B79E71C-A5BA-4ABD-9BF6-D3858054F7A0} = {8B79E71C-A5BA-4ABD-9BF6-D3858054F7A0}
		{1EF1DBEB-344B-45C9-BF06-FE36F5145C27} = {1EF1DBEB-344B-45C9-BF06-FE36F5145C27}
	EndProjectSection
EndProject
Project("{8BC9CEB8-8B4A-11D0-8D11-00A0C91BC942}") = "libfdatetime", "libfdatetime\libfdatetime.vcproj", "{F3C93041-4C86-4F58-B22C-336B2A82038A}"
	ProjectSection(ProjectDependencies) = postProject
		{CA038E14-4A24-4E0A-8198-66FCE5D1D48B} = {CA038E14-4A24-4E0A-8198-66FCE5D1D48B}
	EndProjectSection
EndProject
Project("{8BC9CEB8-8B4A-11D0-8D11-00A0C91BC942}") = "libcfile", "libcfile\libcfile.vcproj", "{4DC006AE-1CA8-476B-AD2C-F43A8F093E5A}"
	ProjectSection(ProjectDependencies) = postProject
		{CA038E14-4A24-4E0A-8198-66FCE5D1D48B} = {CA038E14-4A24-4E0A-8198-66FCE5D1D48B}
		{221E4F2C-BB02-4C32-9C3E-95E80CC60574} = {221E4F2C-BB02-4C32-9C3E-95E80CC60574}
		{6A54FAA1-6394-40D7-94F2-2F504C1E8A85} = {6A54FAA1-6394-40D7-94F2-2F504C1E8A85}
		{1EF1DBEB-344B-45C9-BF06-FE36F5145C27} = {1EF1DBEB-344B-45C9-BF06-FE36F5145C27}
	EndProjectSection
EndProject
Project("{8BC9CEB8-8B4A-11D0-8D11-00A0C91BC942}") = "libfwnt", "libfwnt\libfwnt.vcproj", "{25FBF40F-8CE3-4F18-B738-43388FA152C9}"
	ProjectSection(ProjectDependencies) = postProject
		{CA038E14-4A24-4E0A-8198-66FCE5D1D48B} = {CA038E14-4A24-4E0A-8198-66FCE5D1D48B}
		{3FB75558-9168-450F-9FE2-EDB2A08EBE64} = {3FB75558-9168-450F-9FE2-EDB2A08EBE64}
		{6CDB6011-A284-45B9-9043-D79AEC26396C} = {6CDB6011-A284-45B9-9043-D79AEC26396C}
		{6A54FAA1-6394-40D7-94F2-2F504C1E8A85} = {6A54FAA1-6394-40D7-94F2-2F504C1E8A85}
	EndProjectSection
EndProject
Project("{8BC9CEB8-8B4A-11D0-8D11-00A0C91BC942}") = "libcthreads", "libcthreads\libcthreads.vcproj", "{3FB75558-9168-450F-9FE2-EDB2A08EBE64}"
	ProjectSection(ProjectDependencies) = postProject
		{CA038E14-4A24-4E0A-8198-66FCE5D1D48B} = {CA038E14-4A24-4E0A-8198-66FCE5D1D48B}
	EndProjectSection
EndProject
Project("{8BC9CEB8-8B4A-11D0-8D11-00A0C91BC942}") = "libcpath", "libcpath\libcpath.vcproj", "{8B79E71C-A5BA-4ABD-9BF6-D3858054F7A0}"
	ProjectSection(ProjectDependencies) = postProject
		{CA038E14-4A24-4E0A-8198-66FCE5D1D48B} = {CA038E14-4A24-4E0A-8198-66FCE5D1D48B}
		{221E4F2C-BB02-4C32-9C3E-95E80CC60574} = {221E4F2C-BB02-4C32-9C3E-95E80CC60574}
		{B983F764-6F5A-482E-9E8B-23D68DBC7173} = {B983F764-6F5A-482E-9E8B-23D68DBC7173}
		{1EF1DBEB-344B-45C9-BF06-FE36F5145C27} = {1EF1DBEB-344B-45C9-BF06-FE36F5145C27}
	EndProjectSection
EndProject
Project("{8BC9CEB8-8B4A-11D0-8D11-00A0C91BC942}") = "libfusn", "libfusn\libfusn.vcproj", "{682153A3-8081-4698-802F-F0E3DA327950}"
	ProjectSection(ProjectDependencies) = postProject
		{CA038E14-4A24-4E0A-8198-66FCE5D1D48B} = {CA038E14-4A24-4E0A-8198-66FCE5D1D48B}
		{6A54FAA1-6394-40D7-94F2-2F504C1E8A85} = {6A54FAA1-6394-40D7-94F2-2F504C1E8A85}
		{1EF1DBEB-344B-45C9-BF06-FE36F5145C27} = {1EF1DBEB-344B-45C9-BF06-FE36F5145C27}
		{F3C93041-4C86-4F58-B22C-336B2A82038A} = {F3C93041-4C86-4F58-B22C-336B2A82038A}
	EndProjectSection
EndProject
Project("{8BC9CEB8-8B4A-11D0-8D11-00A0C91BC942}") = "libuna", "libuna\libuna.vcproj", "{1EF1DBEB-344B-45C9-BF06-FE36F5145C27}"
	ProjectSection(ProjectDependencies) = postProject
		{CA038E14-4A24-4E0A-8198-66FCE5D1D48B} = {CA038E14-4A24-4E0A-8198-66FCE5D1D48B}
	EndProjectSection
EndProject
Project("{8BC9CEB8-8B4A-11D0-8D11-00A0C91BC942}") = "libfsrefs", "libfsrefs\libfsrefs.vcproj", "{44706D15-A853-489F-B136-57F352800654}"
	ProjectSection(ProjectDependencies) = postProject
		{CA038E14-4A24-4E0A-8198-66FCE5D1D48B} = {CA038E14-4A24-4E0A-8198-66FCE5D1D48B}
		{6CDB6011-A284-45B9-9043-D79AEC26396C} = {6CDB6011-A284-45B9-9043-D79AEC26396C}
		{221E4F2C-BB02-4C32-9C3E-95E80CC60574} = {221E4F2C-BB02-4C32-9C3E-95E80CC60574}
		{6A54FAA1-6394-40D7-94F2-2F504C1E8A85} = {6A54FAA1-6394-40D7-94F2-2F504C1E8A85}
		{B983F764-6F5A-482E-9E8B-23D68DBC7173} = {B983F764-6F5A-482E-9E8B-23D68DBC7173}
		{1EF1DBEB-344B-45C9-BF06-FE36F5145C27} = {1EF1DBEB-344B-45C9-BF06-FE36F5145C27}
		{4DC006AE-1CA8-476B-AD2C-F43A8F093E5A} = {4DC006AE-1CA8-476B-AD2C-F43A8F093E5A}
		{8B79E71C-A5BA-4ABD-9BF6-D3858054F7A0} = {8B79E71C-A5BA-4ABD-9BF6-D3858054F7A0}
		{6B3ECD42-FEA0-4920-B1F5-FBB83439A17D} = {6B3ECD42-FEA0-4920-B1F5-FBB83439A17D}
		{3B808C9B-707E-4AD6-80E3-A57B5FA3AFAF} = {3B808C9B-707E-4AD6-80E3-A57B5FA3AFAF}
		{C1E29BED-CD7D-4A41-8DE4-45F7EA4CBFE4} = {C1E29BED-CD7D-4A41-8DE4-45F7EA4CBFE4}
		{F3C93041-4C86-4F58-B22C-336B2A82038A} = {F3C93041-4C86-4F58-B22C-336B2A82038A}
		{87BEF2E0-F880-46F6-ADDA-DDBCD4A80B3D} = {87BEF2E0-F880-46F6-ADDA-DDBCD4A80B3D}
		{25FBF40F-8CE3-4F18-B738-43388FA152C9} = {25FBF40F-8CE3-4F18-B738-43388FA152C9}
	EndProjectSection
EndProject
Project("{8BC9CEB8-8B4A-11D0-8D11-00A0C91BC942}") = "libcerror", "libcerror\libcerror.vcproj", "{CA038E14-4A24-4E0A-8198-66FCE5D1D48B}"
EndProject
Project("{8BC9CEB8-8B4A-11D0-8D11-00A0C91BC942}") = "libcnotify", "libcnotify\libcnotify.vcproj", "{6A54FAA1-6394-40D7-94F2-2F504C1E8A85}"
	ProjectSection(ProjectDependencies) = postProject
		{CA038E14-4A24-4E0A-8198-66FCE5D1D48B} = {CA038E14-4A24-4E0A-8198-66FCE5D1D48B}
	EndProjectSection
EndProject
Project("{8BC9CEB8-8B4A-11D0-8D11-00A0C91BC942}") = "fsrefsinfo", "fsrefsinfo\fsrefsinfo.vcproj", "{DDF498F3-065E-468C-B3AA-0C538AD45B1E}"
	ProjectSection(ProjectDependencies) = postProject
		{6B3ECD42-FEA0-4920-B1F5-FBB83439A17D} = {6B3ECD42-FEA0-4920-B1F5-FBB83439A17D}
		{8B79E71C-A5BA-4ABD-9BF6-D3858054F7A0} = {8B79E71C-A5BA-4ABD-9BF6-D3858054F7A0}
		{4DC006AE-1CA8-476B-AD2C-F43A8F093E5A} = {4DC006AE-1CA8-476B-AD2C-F43A8F093E5A}
		{1EF1DBEB-344B-45C9-BF06-FE36F5145C27} = {1EF1DBEB-344B-45C9-BF06-FE36F5145C27}
		{B983F764-6F5A-482E-9E8B-23D68DBC7173} = {B983F764-6F5A-482E-9E8B-23D68DBC7173}
		{6A54FAA1-6394-40D7-94F2-2F504C1E8A85} = {6A54FAA1-6394-40D7-94F2-2F504C1E8A85}
		{221E4F2C-BB02-4C32-9C3E-95E80CC60574} = {221E4F2C-BB02-4C32-9C3E-95E80CC60574}
		{6CDB6011-A284-45B9-9043-D79AEC26396C} = {6CDB6011-A284-45B9-9043-D79AEC26396C}
		{44706D15-A853-489F-B136-57F352800654} = {44706D15-A853-489F-B136-57F352800654}
		{CA038E14-4A24-4E0A-8198-66FCE5D1D48B} = {CA038E14-4A24-4E0A-8198-66FCE5D1D48B}
	EndProjectSection
EndProject
Project("{8BC9CEB8-8B4A-11D0-8D11-00A0C91BC942}") = "libfdata", "libfdata\libfdata.vcproj", "{C1E29BED-CD7D-4A41-8DE4-45F7EA4CBFE4}"
	ProjectSection(ProjectDependencies) = postProject
		{CA038E14-4A24-4E0A-8198-66FCE5D1D48B} = {CA038E14-4A24-4E0A-8198-66FCE5D1D48B}
		{3FB75558-9168-450F-9FE2-EDB2A08EBE64} = {3FB75558-9168-450F-9FE2-EDB2A08EBE64}
		{6CDB6011-A284-45B9-9043-D79AEC26396C} = {6CDB6011-A284-45B9-9043-D79AEC26396C}
		{6A54FAA1-6394-40D7-94F2-2F504C1E8A85} = {6A54FAA1-6394-40D7-94F2-2F504C1E8A85}
		{3B808C9B-707E-4AD6-80E3-A57B5FA3AFAF} = {3B808C9B-707E-4AD6-80E3-A57B5FA3AFAF}
	EndProjectSection
EndProject
Project("{8BC9CEB8-8B4A-11D0-8D11-00A0C91BC942}") = "libcdata", "libcdata\libcdata.vcproj", "{6CDB6011-A284-45B9-9043-D79AEC26396C}"
	ProjectSection(ProjectDependencies) = postProject
		{CA038E14-4A24-4E0A-8198-66FCE5D1D48B} = {CA038E14-4A24-4E0A-8198-66FCE5D1D48B}
		{3FB75558-9168-450F-9FE2-EDB2A08EBE64} = {3FB75558-9168-450F-9FE2-EDB2A08EBE64}
	EndProjectSection
EndProject
Project("{8BC9CEB8-8B4A-11D0-8D11-00A0C91BC942}") = "libcsplit", "libcsplit\libcsplit.vcproj", "{B983F764-6F5A-482E-9E8B-23D68DBC7173}"
	ProjectSection(ProjectDependencies) = postProject
		{CA038E14-4A24-4E0A-8198-66FCE5D1D48B} = {CA038E14-4A24-4E0A-8198-66FCE5D1D48B}
	EndProjectSection
EndProject
Global
	GlobalSection(SolutionConfigurationPlatforms) = preSolution
		Release|Win32 = Release|Win32
		VSDebug|Win32 = VSDebug|Win32
	EndGlobalSection
	GlobalSection(ProjectConfigurationPlatforms) = postSolution
		{3B808C9B-707E-4AD6-80E3-A57B5FA3AFAF}.Release|Win32.ActiveCfg = Release|Win32
		{3B808C9B-707E-4AD6-80E3-A57B5FA3AFAF}.Release|Win32.Build.0 = Release|Win32
		{3B808C9B-707E-4AD6-80E3-A57B5FA3AFAF}.VSDebug|Win32.ActiveCfg = VSDebug|Win32
		{3B808C9B-707E-4AD6-80E3-A57B5FA3AFAF}.VSDebug|Win32.Build.0 = VSDebug|Win32
		{87BEF2E0-F880-46F6-ADDA-DDBCD4A80B3D}.Release|Win32.ActiveCfg = Release|Win32
		{87BEF2E0-F880-46F6-ADDA-DDBCD4A80B3D}.Release|Win32.Build.0 = Release|Win32
		{87BEF2E0-F880-46F6-ADDA-DDBCD4A80B3D}.VSDebug|Win32.ActiveCfg = VSDebug|Win32
		{87BEF2E0-F880-46F6-ADDA-DDBCD4A80B3D}.VSDebug|Win32.Build.0 = VSDebug|Win32
		{86FE2A37-6E20-42C5-AD0E-65C894513B1E}.Release|Win32.ActiveCfg = Release|Win32
		{86FE2A37-6E20-42C5-AD0E-65C894513B1E}.Release|Win32.Build.0 = Release|Win32
		{86FE2A37-6E20-42C5-AD0E-65C894513B1E}.VSDebug|Win32.ActiveCfg = VSDebug|Win32
		{86FE2A37-6E20-42C5-AD0E-65C894513B1E}.VSDebug|Win32.Build.0 = VSDebug|Win32
		{91D86977-243E-45A0-A506-F0C954801288}.Release|Win32.ActiveCfg = Release|Win32
		{91D86977-243E-45A0-A506-F0C954801288}.Release|Win32.Build.0 = Release|Win32
		{91D86977-243E-45A0-A506-F0C954801288}.VSDebug|Win32.ActiveCfg = VSDebug|Win32
		{91D86977-243E-45A0-A506-F0C954801288}.VSDebug|Win32.Build.0 = VSDebug|Win32
		{246147B2-C826-48F7-B0BE-C0B46F02A6CD}.Release|Win32.ActiveCfg = Release|Win32
		{246147B2-C826-48F7-B0BE-C0B46F02A6CD}.Release|Win32.Build.0 = Release|Win32
		{246147B2-C826-48F7-B0BE-C0B46F02A6CD}.VSDebug|Win32.ActiveCfg = VSDebug|Win32
		{246147B2-C826-48F7-B0BE-C0B46F02A6CD}.VSDebug|Win32.Build.0 = VSDebug|Win32
		{F4A33415-A38B-4FCE-A9C5-C3298AB0DA31}.Release|Win32.ActiveCfg = Release|Win32
		{F4A33415-A38B-4FCE-A9C5-C3298AB0DA31}.Release|Win32.Build.0 = Release|Win32
		{F4A33415-A38B-4FCE-A9C5-C3298AB0DA31}.VSDebug|Win32.ActiveCfg = VSDebug|Win32
		{F4A33415-A38B-4FCE-A9C5-C3298AB0DA31}.VSDebug|Win32.Build.0 = VSDebug|Win32
		{011F4ADF-096E-4B5C-972B-80CA715C06E8}.Release|Win32.ActiveCfg = Release|Win32
		{011F4ADF-096E-4B5C-972B-80CA715C06E8}.Release|Win32.Build.0 = Release|Win32
		{011F4ADF-096E-4B5C-972B-80CA715C06E8}.VSDebug|Win32.ActiveCfg = VSDebug|Win32
		{011F4ADF-096E-4B5C-972B-80CA715C06E8}.VSDebug|Win32.Build.0 = VSDebug|Win32
		{7E0CAB38-766C-4B17-969D-B10E8DAE6430}.Release|Win32.ActiveCfg = Release|Win32
		{7E0CAB38-766C-4B17-969D-B10E8DAE6430}.Release|Win32.Build.0 = Release|Win32
		{7E0CAB38-766C-4B17-969D-B10E8DAE6430}.VSDebug|Win32.ActiveCfg = VSDebug|Win32
		{7E0CAB38-766C-4B17-969D-B10E8DAE6430}.VSDebug|Win32.Build.0 = VSDebug|Win32
		{B6612907-00C8-4388-86FF-F596543F386D}.Release|Win32.ActiveCfg = Release|Win32
		{B6612907-00C8-4388-86FF-F596543F386D}.Release|Win32.Build.0 = Release|Win32
		{B6612907-00C8-4388-86FF-F596543F386D}.VSDebug|Win32.ActiveCfg = VSDebug|Win32
		{B6612907-00C8-4388-86FF-F596543F386D}.VSDebug|Win32.Build.0 = VSDebug|Win32
		{2DC26DAE-740E-4108-A2E7-935F98D4AE89}.Release|Win32.ActiveCfg = Release|Win32
		{2DC26DAE-740E-4108-A2E7-935F98D4AE89}.Release|Win32.Build.0 = Release|Win32
		{2DC26DAE-740E-4108-A2E7-935F98D4AE89}.VSDebug|Win32.ActiveCfg = VSDebug|Win32
		{2DC26DAE-740E-4108-A2E7-935F98D4AE89}.VSDebug|Win32.Build.0 = VSDebug|Win32
		{ED4DC329-58CA-4947-ACA1-007E678E89A5}.Release|Win32.ActiveCfg = Release|Win32
		{ED4DC329-58CA-4947-ACA1-007E678E89A5}.Release|Win32.Build.0 = Release|Win32
		{ED4DC329-58CA-4947-ACA1-007E678E89A5}.VSDebug|Win32.ActiveCfg = VSDebug|Win32
		{ED4DC329-58CA-4947-ACA1-007E678E89A5}.VSDebug|Win32.Build.0 = VSDebug|Win32
		{6D2302FA-8B35-4308-8790-032B3B6AB3FF}.Release|Win32.ActiveCfg = Release|Win32
		{6D2302FA-8B35-4308-8790-032B3B6AB3FF}.Release|Win32.Build.0 = Release|Win32
		{6D2302FA-8B35-4308-8790-032B3B6AB3FF}.VSDebug|Win32.ActiveCfg = VSDebug|Win32
		{6D2302FA-8B35-4308-8790-032B3B6AB3FF}.VSDebug|Win32.Build.0 = VSDebug|Win32
		{4E20C441-C6F6-440D-BE1A-D88BE5E8FDCF}.Release|Win32.ActiveCfg = Release|Win32
		{4E20C441-C6F6-440D-BE1A-D88BE5E8FDCF}.Release|Win32.Build.0 = Release|Win32
		{4E20C441-C6F6-440D-BE1A-D88BE5E8FDCF}.VSDebug|Win32.ActiveCfg = VSDebug|Win32
		{4E20C441-C6F6-440D-BE1A-D88BE5E8FDCF}.VSDebug|Win32.Build.0 = VSDebug|Win32
		{2CCDE11A-F1A4-4FD5-95E7-837A85D2C6A7}.Release|Win32.ActiveCfg = Release|Win32
		{2CCDE11A-F1A4-4FD5-95E7-837A85D2C6A7}.Release|Win32.Build.0 = Release|Win32
		{2CCDE11A-F1A4-4FD5-95E7-837A85D2C6A7}.VSDebug|Win32.ActiveCfg = VSDebug|Win32
		{2CCDE11A-F1A4-4FD5-95E7-837A85D2C6A7}.VSDebug|Win32.Build.0 = VSDebug|Win32
		{C6939822-15BF-4CD9-8DF1-6444B30DF640}.Release|Win32.ActiveCfg = Release|Win32
		{C6939822-15BF-4CD9-8DF1-6444B30DF640}.Release|Win32.Build.0 = Release|Win32
		{C6939822-15BF-4CD9-8DF1-6444B30DF640}.VSDebug|Win32.ActiveCfg = VSDebug|Win32
		{C6939822-15BF-4CD9-8DF1-6444B30DF640}.VSDebug|Win32.Build.0 = VSDebug|Win32
		{3507BFE7-7504-46F9-B33E-038BDC5EC426}.Release|Win32.ActiveCfg = Release|Win32
		{3507BFE7-7504-46F9-B33E-038BDC5EC426}.Release|Win32.Build.0 = Release|Win32
		{3507BFE7-7504-46F9-B33E-038BDC5EC426}.VSDebug|Win32.ActiveCfg = VSDebug|Win32
		{3507BFE7-7504-46F9-B33E-038BDC5EC426}.VSDebug|Win32.Build.0 = VSDebug|Win32
		{65CDD553-456B-4110-B594-87C12AF39B2B}.Release|Win32.ActiveCfg = Release|Win32
		{65CDD553-456B-4110-B594-87C12AF39B2B}.Release|Win32.Build.0 = Release|Win32
		{65CDD553-456B-4110-B594-87C12AF39B2B}.VSDebug|Win32.ActiveCfg = VSDebug|Win32
		{65CDD553-456B-4110-B594-87C12AF39B2B}.VSDebug|Win32.Build.0 = VSDebug|Win32
		{5E36F2A8-F375-4777-8D75-FB2C895FA81A}.Release|Win32.ActiveCfg = Release|Win32
		{5E36F2A8-F375-4777-8D75-FB2C895FA81A}.Release|Win32.Build.0 = Release|Win32
		{5E36F2A8-F375-4777-8D75-FB2C895FA81A}.VSDebug|Win32.ActiveCfg = VSDebug|Win32
		{5E36F2A8-F375-4777-8D75-FB2C895FA81A}.VSDebug|Win32.Build.0 = VSDebug|Win32
		{08B474B6-F7FE-4FCB-B598-B8C2F664BD88}.Release|Win32.ActiveCfg = Release|Win32
		{08B474B6-F7FE-4FCB-B598-B8C2F664BD88}.Release|Win32.Build.0 = Release|Win32
		{08B474B6-F7FE-4FCB-B598-B8C2F664BD88}.VSDebug|Win32.ActiveCfg = VSDebug|Win32
		{08B474B6-F7FE-4FCB-B598-B8C2F664BD88}.VSDebug|Win32.Build.0 = VSDebug|Win32
		{86CEACC5-A5E8-4664-9332-829C13BD3EB0}.Release|Win32.ActiveCfg = Release|Win32
		{86CEACC5-A5E8-4664-9332-829C13BD3EB0}.Release|Win32.Build.0 = Release|Win32
		{86CEACC5-A5E8-4664-9332-829C13BD3EB0}.VSDebug|Win32.ActiveCfg = VSDebug|Win32
		{86CEACC5-A5E8-4664-9332-829C13BD3EB0}.VSDebug|Win32.Build.0 = VSDebug|Win32
		{6703E278-1803-4BAD-A7B2-1C80E7BC4416}.Release|Win32.ActiveCfg = Release|Win32
		{6703E278-1803-4BAD-A7B2-1C80E7BC4416}.Release|Win32.Build.0 = Release|Win32
		{6703E278-1803-4BAD-A7B2-1C80E7BC4416}.VSDebug|Win32.ActiveCfg = VSDebug|Win32
		{6703E278-1803-4BAD-A7B2-1C80E7BC4416}.VSDebug|Win32.Build.0 = VSDebug|Win32
		{CEC29D44-A0A6-47A8-ABBE-327C0367A3E1}.Release|Win32.ActiveCfg = Release|Win32
		{CEC29D44-A0A6-47A8-ABBE-327C0367A3E1}.Release|Win32.Build.0 = Release|Win32
		{CEC29D44-A0A6-47A8-ABBE-327C0367A3E1}.VSDebug|Win32.ActiveCfg = VSDebug|Win32
		{CEC29D44-A0A6-47A8-ABBE-327C0367A3E1}.VSDebug|Win32.Build.0 = VSDebug|Win32
		{4860F960-5523-4773-80BE-2EEDBB86E69F}.Release|Win32.ActiveCfg = Release|Win32
		{4860F960-5523-4773-80BE-2EEDBB86E69F}.Release|Win32.Build.0 = Release|Win32
		{4860F960-5523-4773-80BE-2EEDBB86E69F}.VSDebug|Win32.ActiveCfg = VSDebug|Win32
		{4860F960-5523-4773-80BE-2EEDBB86E69F}.VSDebug|Win32.Build.0 = VSDebug|Win32
		{221E4F2C-BB02-4C32-9C3E-95E80CC60574}.Release|Win32.ActiveCfg = Release|Win32
		{221E4F2C-BB02-4C32-9C3E-95E80CC60574}.Release|Win32.Build.0 = Release|Win32
		{221E4F2C-BB02-4C32-9C3E-95E80CC60574}.VSDebug|Win32.ActiveCfg = VSDebug|Win32
		{221E4F2C-BB02-4C32-9C3E-95E80CC60574}.VSDebug|Win32.Build.0 = VSDebug|Win32
		{6B3ECD42-FEA0-4920-B1F5-FBB83439A17D}.Release|Win32.ActiveCfg = Release|Win32
		{6B3ECD42-FEA0-4920-B1F5-FBB83439A17D}.Release|Win32.Build.0 = Release|Win32
		{6B3ECD42-FEA0-4920-B1F5-FBB83439A17D}.VSDebug|Win32.ActiveCfg = VSDebug|Win32
		{6B3ECD42-FEA0-4920-B1F5-FBB83439A17D}.VSDebug|Win32.Build.0 = VSDebug|Win32
		{F3C93041-4C86-4F58-B22C-336B2A82038A}.Release|Win32.ActiveCfg = Release|Win32
		{F3C93041-4C86-4F58-B22C-336B2A82038A}.Release|Win32.Build.0 = Release|Win32
		{F3C93041-4C86-4F58-B22C-336B2A82038A}.VSDebug|Win32.ActiveCfg = VSDebug|Win32
		{F3C93041-4C86-4F58-B22C-336B2A82038A}.VSDebug|Win32.Build.0 = VSDebug|Win32
		{4DC006AE-1CA8-476B-AD2C-F43A8F093E5A}.Release|Win32.ActiveCfg = Release|Win32
		{4DC006AE-1CA8-476B-AD2C-F43A8F093E5A}.Release|Win32.Build.0 = Release|Win32
		{4DC006AE-1CA8-476B-AD2C-F43A8F093E5A}.VSDebug|Win32.ActiveCfg = VSDebug|Win32
		{4DC006AE-1CA8-476B-AD2C-F43A8F093E5A}.VSDebug|Win32.Build.0 = VSDebug|Win32
		{25FBF40F-8CE3-4F18-B738-43388FA152C9}.Release|Win32.ActiveCfg = Release|Win32
		{25FBF40F-8CE3-4F18-B738-43388FA152C9}.Release|Win32.Build.0 = Release|Win32
		{25FBF40F-8CE3-4F18-B738-43388FA152C9}.VSDebug|Win32.ActiveCfg = VSDebug|Win32
		{25FBF40F-8CE3-4F18-B738-43388FA152C9}.VSDebug|Win32.Build.0 = VSDebug|Win32
		{3FB75558-9168-450F-9FE2-EDB2A08EBE64}.Release|Win32.ActiveCfg = Release|Win32
		{3FB75558-9168-450F-9FE2-EDB2A08EBE64}.Release|Win32.Build.0 = Release|Win32
		{3FB75558-9168-450F-9FE2-EDB2A08EBE64}.VSDebug|Win32.ActiveCfg = VSDebug|Win32
		{3FB75558-9168-450F-9FE2-EDB2A08EBE64}.VSDebug|Win32.Build.0 = VSDebug|Win32
		{8B79E71C-A5BA-4ABD-9BF6-D3858054F7A0}.Release|Win32.ActiveCfg = Release|Win32
		{8B79E71C-A5BA-4ABD-9BF6-D3858054F7A0}.Release|Win32.Build.0 = Release|Win32
		{8B79E71C-A5BA-4ABD-9BF6-D3858054F7A0}.VSDebug|Win32.ActiveCfg = VSDebug|Win32
		{8B79E71C-A5BA-4ABD-9BF6-D3858054F7A0}.VSDebug|Win32.Build.0 = VSDebug|Win32
		{682153A3-8081-4698-802F-F0E3DA327950}.Release|Win32.ActiveCfg = Release|Win32
		{682153A3-8081-4698-802F-F0E3DA327950}.Release|Win32.Build.0 = Release|Win32
		{682153A3-8081-4698-802F-F0E3DA327950}.VSDebug|Win32.ActiveCfg = VSDebug|Win32
		{682153A3-8081-4698-802F-F0E3DA327950}.VSDebug|Win32.Build.0 = VSDebug|Win32
		{1EF1DBEB-344B-45C9-BF06-FE36F5145C27}.Release|Win32.ActiveCfg = Release|Win32
		{1EF1DBEB-344B-45C9-BF06-FE36F5145C27}.Release|Win32.Build.0 = Release|Win32
		{1EF1DBEB-344B-45C9-BF06-FE36F5145C27}.VSDebug|Win32.ActiveCfg = VSDebug|Win32
		{1EF1DBEB-344B-45C9-BF06-FE36F5145C27}.VSDebug|Win32.Build.0 = VSDebug|Win32
		{44706D15-A853-489F-B136-57F352800654}.Release|Win32.ActiveCfg = Release|Win32
		{44706D15-A853-489F-B136-57F352800654}.Release|Win32.Build.0 = Release|Win32
		{44706D15-A853-489F-B136-57F352800654}.VSDebug|Win32.ActiveCfg = VSDebug|Win32
		{44706D15-A853-489F-B136-57F352800654}.VSDebug|Win32.Build.0 = VSDebug|Win32
		{CA038E14-4A24-4E0A-8198-66FCE5D1D48B}.Release|Win32.ActiveCfg = Release|Win32
		{CA038E14-4A24-4E0A-8198-66FCE5D1D48B}.Release|Win32.Build.0 = Release|Win32
		{CA038E14-4A24-4E0A-8198-66FCE5D1D48B}.VSDebug|Win32.ActiveCfg = VSDebug|Win32
		{CA038E14-4A24-4E0A-8198-66FCE5D1D48B}.VSDebug|Win32.Build.0 = VSDebug|Win32
		{6A54FAA1-6394-40D7-94F2-2F504C1E8A85}.Release|Win32.ActiveCfg = Release|Win32
		{6A54FAA1-6394-40D7-94F2-2F504C1E8A85}.Release|Win32.Build.0 = Release|Win32
		{6A54FAA1-6394-40D7-94F2-2F504C1E8A85}.VSDebug|Win32.ActiveCfg = VSDebug|Win32
		{6A54FAA1-6394-40D7-94F2-2F504C1E8A85}.VSDebug|Win32.Build.0 = VSDebug|Win32
		{DDF498F3-065E-468C-B3AA-0C538AD45B1E}.Release|Win32.ActiveCfg = Release|Win32
		{DDF498F3-065E-468C-B3AA-0C538AD45B1E}.Release|Win32.Build.0 = Release|Win32
		{DDF498F3-065E-468C-B3AA-0C538AD45B1E}.VSDebug|Win32.ActiveCfg = VSDebug|Win32
		{DDF498F3-065E-468C-B3AA-0C538AD45B1E}.VSDebug|Win32.Build.0 = VSDebug|Win32
		{C1E29BED-CD7D-4A41-8DE4-45F7EA4CBFE4}.Release|Win32.ActiveCfg = Release|Win32
		{C1E29BED-CD7D-4A41-8DE4-45F7EA4CBFE4}.Release|Win32.Build.0 = Release|Win32
		{C1E29BED-CD7D-4A41-8DE4-45F7EA4CBFE4}.VSDebug|Win32.ActiveCfg = VSDebug|Win32
		{C1E29BED-CD7D-4A41-8DE4-45F7EA4CBFE4}.VSDebug|Win32.Build.0 = VSDebug|Win32
		{6CDB6011-A284-45B9-9043-D79AEC26396C}.Release|Win32.ActiveCfg = Release|Win32
		{6CDB6011-A284-45B9-9043-D79AEC26396C}.Release|Win32.Build.0 = Release|Win32
		{6CDB6011-A284-45B9-9043-D79AEC26396C}.VSDebug|Win32.ActiveCfg = VSDebug|Win32
		{6CDB6011-A284-45B9-9043-D79AEC26396C}.VSDebug|Win32.Build.0 = VSDebug|Win32
		{B983F764-6F5A-482E-9E8B-23D68DBC7173}.Release|Win32.ActiveCfg = Release|Win32
		{B983F764-6F5A-482E-9E8B-23D68DBC7173}.Release|Win32.Build.0 = Release|Win32
		{B983F764-6F5A-482E-9E8B-23D68DBC7173}.VSDebug|Win32.ActiveCfg = VSDebug|Win32
		{B983F764-6F5A-482E-9E8B-23D68DBC7173}.VSDebug|Win32.Build.0 = VSDebug|Win32
	EndGlobalSection
	GlobalSection(SolutionProperties) = preSolution
		HideSolutionNode = FALSE
	EndGlobalSection
EndGlobal
